
Microsoft Visual Studio Solution File, Format Version 12.00
Project("{2150E333-8FDC-42A3-9474-1A3956D46DE8}") = "Project", "Project", "{D2EEC3CE-6876-416B-B2D1-2EC0C29CCCA3}"
	ProjectSection(SolutionItems) = preProject
		..\.gitignore = ..\.gitignore
		..\LICENSE = ..\LICENSE
		..\README.md = ..\README.md
	EndProjectSection
EndProject
Project("{2150E333-8FDC-42A3-9474-1A3956D46DE8}") = "Source", "Source", "{25716BFA-20A1-4255-AD14-68B60B65203A}"
EndProject
Project("{2150E333-8FDC-42A3-9474-1A3956D46DE8}") = "Tests", "Tests", "{7944039D-AAEE-4180-AF30-BF55CF6BC9F7}"
EndProject
Project("{2150E333-8FDC-42A3-9474-1A3956D46DE8}") = "Build", "Build", "{4543B91F-B6EB-4EFE-BF7C-8BC724557FF7}"
	ProjectSection(SolutionItems) = preProject
		..\.github\workflows\main.yml = ..\.github\workflows\main.yml
	EndProjectSection
EndProject
Project("{FAE04EC0-301F-11D3-BF4B-00C04F79EFBC}") = "Lightspeed.Api", "Lightspeed.Api\Lightspeed.Api.csproj", "{937D5B24-1DB6-4B87-847C-B7D6D6994939}"
EndProject
Project("{FAE04EC0-301F-11D3-BF4B-00C04F79EFBC}") = "Lightspeed.Examples", "Lightspeed.Examples\Lightspeed.Examples.csproj", "{C004FBA1-E8EB-49AA-91BE-6D6BF73D34EE}"
EndProject
Global
	GlobalSection(SolutionConfigurationPlatforms) = preSolution
		Debug|Any CPU = Debug|Any CPU
		Release|Any CPU = Release|Any CPU
	EndGlobalSection
	GlobalSection(NestedProjects) = preSolution
		{937D5B24-1DB6-4B87-847C-B7D6D6994939} = {25716BFA-20A1-4255-AD14-68B60B65203A}
		{C004FBA1-E8EB-49AA-91BE-6D6BF73D34EE} = {7944039D-AAEE-4180-AF30-BF55CF6BC9F7}
	EndGlobalSection
	GlobalSection(ProjectConfigurationPlatforms) = postSolution
		{937D5B24-1DB6-4B87-847C-B7D6D6994939}.Debug|Any CPU.ActiveCfg = Debug|Any CPU
		{937D5B24-1DB6-4B87-847C-B7D6D6994939}.Debug|Any CPU.Build.0 = Debug|Any CPU
		{937D5B24-1DB6-4B87-847C-B7D6D6994939}.Release|Any CPU.ActiveCfg = Release|Any CPU
		{937D5B24-1DB6-4B87-847C-B7D6D6994939}.Release|Any CPU.Build.0 = Release|Any CPU
		{C004FBA1-E8EB-49AA-91BE-6D6BF73D34EE}.Debug|Any CPU.ActiveCfg = Debug|Any CPU
		{C004FBA1-E8EB-49AA-91BE-6D6BF73D34EE}.Debug|Any CPU.Build.0 = Debug|Any CPU
		{C004FBA1-E8EB-49AA-91BE-6D6BF73D34EE}.Release|Any CPU.ActiveCfg = Release|Any CPU
		{C004FBA1-E8EB-49AA-91BE-6D6BF73D34EE}.Release|Any CPU.Build.0 = Release|Any CPU
	EndGlobalSection
EndGlobal
